
Microsoft Visual Studio Solution File, Format Version 12.00
# Visual Studio Version 16
VisualStudioVersion = 16.0.31313.79
MinimumVisualStudioVersion = 10.0.40219.1
Project("{FAE04EC0-301F-11D3-BF4B-00C04F79EFBC}") = "Timups", "Timups.csproj", "{BAE7777F-0994-4FA3-B29D-4EE1A4E69CA4}"
EndProject
Global
	GlobalSection(SolutionConfigurationPlatforms) = preSolution
		Debug|Any CPU = Debug|Any CPU
		Release|Any CPU = Release|Any CPU
	EndGlobalSection
	GlobalSection(ProjectConfigurationPlatforms) = postSolution
		{BAE7777F-0994-4FA3-B29D-4EE1A4E69CA4}.Debug|Any CPU.ActiveCfg = Debug|Any CPU
		{BAE7777F-0994-4FA3-B29D-4EE1A4E69CA4}.Debug|Any CPU.Build.0 = Debug|Any CPU
		{BAE7777F-0994-4FA3-B29D-4EE1A4E69CA4}.Release|Any CPU.ActiveCfg = Release|Any CPU
		{BAE7777F-0994-4FA3-B29D-4EE1A4E69CA4}.Release|Any CPU.Build.0 = Release|Any CPU
	EndGlobalSection
	GlobalSection(SolutionProperties) = preSolution
		HideSolutionNode = FALSE
	EndGlobalSection
	GlobalSection(ExtensibilityGlobals) = postSolution
		SolutionGuid = {A16701D8-DAE3-4CD7-BF73-51409E244D11}
	EndGlobalSection
EndGlobal
